{
  "name": "@venajs/jsx-runtime",
  "version": "1.0.0-alpha",
  "lockfileVersion": 3,
  "requires": true,
  "packages": {
    "": {
      "name": "@venajs/jsx-runtime",
      "version": "1.0.0-alpha",
      "license": "OSL-3.0",
      "devDependencies": {
        "@venajs/core": "^1.0.2-alpha",
        "typescript": "^5.4.3"
      },
      "peerDependencies": {
        "@venajs/core": "^1.0.0-alpha"
      }
    },
    "node_modules/@venajs/core": {
      "version": "1.0.2-alpha",
      "resolved": "https://registry.npmjs.org/@venajs/core/-/core-1.0.2-alpha.tgz",
      "integrity": "sha512-BUfys+4GPoAlPBkwucFjAF0zjkRGuJcPUhTlRvNw6RHOGh4dpgPzYNv7tIz0Nik17C9s2yZXU0dxPUVejb0Ttw==",
      "dev": true
    },
    "node_modules/typescript": {
      "version": "5.4.5",
      "resolved": "https://registry.npmjs.org/typescript/-/typescript-5.4.5.tgz",
      "integrity": "sha512-vcI4UpRgg81oIRUFwR0WSIHKt11nJ7SAVlYNIu+QpqeyXP+gpQJy/Z4+F0aGxSE4MqwjyXvW/TzgkLAx2AGHwQ==",
      "dev": true,
      "bin": {
        "tsc": "bin/tsc",
        "tsserver": "bin/tsserver"
      },
      "engines": {
        "node": ">=14.17"
      }
    }
  }
}
