{
  "name": "jsx",
  "version": "1.0.0",
  "lockfileVersion": 3,
  "requires": true,
  "packages": {
    "": {
      "name": "jsx",
      "version": "1.0.0",
      "dependencies": {
        "@venajs/core": "^1.0.2-alpha",
        "@venajs/jsx-runtime": "^1.0.1-alpha"
      },
      "devDependencies": {
        "typescript": "^5.4.3"
      }
    },
    "node_modules/@venajs/core": {
      "version": "1.0.2-alpha",
      "resolved": "https://registry.npmjs.org/@venajs/core/-/core-1.0.2-alpha.tgz",
      "integrity": "sha512-BUfys+4GPoAlPBkwucFjAF0zjkRGuJcPUhTlRvNw6RHOGh4dpgPzYNv7tIz0Nik17C9s2yZXU0dxPUVejb0Ttw=="
    },
    "node_modules/@venajs/jsx-runtime": {
      "version": "1.0.1-alpha",
      "resolved": "https://registry.npmjs.org/@venajs/jsx-runtime/-/jsx-runtime-1.0.1-alpha.tgz",
      "integrity": "sha512-mHJ0fdjDyv+3Wbfc1SjFmEy1yQS5UOk01Y1F6cDnJMVNg33f9RSTtTD4lUZKpdR6g1vcJckr7nlm32A72RQSgw==",
      "peerDependencies": {
        "@venajs/core": "^1.0.2-alpha"
      }
    },
    "node_modules/typescript": {
      "version": "5.4.5",
      "resolved": "https://registry.npmjs.org/typescript/-/typescript-5.4.5.tgz",
      "integrity": "sha512-vcI4UpRgg81oIRUFwR0WSIHKt11nJ7SAVlYNIu+QpqeyXP+gpQJy/Z4+F0aGxSE4MqwjyXvW/TzgkLAx2AGHwQ==",
      "dev": true,
      "bin": {
        "tsc": "bin/tsc",
        "tsserver": "bin/tsserver"
      },
      "engines": {
        "node": ">=14.17"
      }
    }
  }
}
